{
  "name": "PixelenceWebDesignRepo",
  "lockfileVersion": 3,
  "requires": true,
  "packages": {
    "": {
      "dependencies": {
        "cornerstone-core": "^2.6.1",
        "cornerstone-web-image-loader": "^2.1.1",
        "dicom-parser": "^1.8.21"
      }
    },
    "node_modules/cornerstone-core": {
      "version": "2.6.1",
      "resolved": "https://registry.npmjs.org/cornerstone-core/-/cornerstone-core-2.6.1.tgz",
      "integrity": "sha512-LAXjXwNnK2W65ZxpE7phVLjbijkYUrAQIGv5xqKjK8+dmIGlBxqvPHnyGwEqVDyKOWVrpXP6ymUPwrGGRwzgMg==",
      "license": "MIT"
    },
    "node_modules/cornerstone-web-image-loader": {
      "version": "2.1.1",
      "resolved": "https://registry.npmjs.org/cornerstone-web-image-loader/-/cornerstone-web-image-loader-2.1.1.tgz",
      "integrity": "sha512-EYT7nLyXMFDeCCQhDkf6czFUm58EgqiTX+tOOLt79gPvbNRdEvPgQoXJgXOd5/3Xuc5QNqzTyOzYtf1v/KH0aA==",
      "license": "MIT"
    },
    "node_modules/dicom-parser": {
      "version": "1.8.21",
      "resolved": "https://registry.npmjs.org/dicom-parser/-/dicom-parser-1.8.21.tgz",
      "integrity": "sha512-lYCweHQDsC8UFpXErPlg86Px2A8bay0HiUY+wzoG3xv5GzgqVHU3lziwSc/Gzn7VV7y2KeP072SzCviuOoU02w==",
      "license": "MIT"
    }
  }
}
